// !$*UTF8*$!
{
	archiveVersion = 1;
	classes = {
	};
	objectVersion = 48;
	objects = {

/* Begin PBXBuildFile section */
		04598DC01FEA03DC0025CDA9 /* AppDelegate.m in Sources */ = {isa = PBXBuildFile; fileRef = 04598DBF1FEA03DC0025CDA9 /* AppDelegate.m */; };
		04598DC61FEA03DC0025CDA9 /* Main.storyboard in Resources */ = {isa = PBXBuildFile; fileRef = 04598DC41FEA03DC0025CDA9 /* Main.storyboard */; };
		04598DC91FEA03DC0025CDA9 /* XLProduct.xcdatamodeld in Sources */ = {isa = PBXBuildFile; fileRef = 04598DC71FEA03DC0025CDA9 /* XLProduct.xcdatamodeld */; };
		04598DCB1FEA03DC0025CDA9 /* Assets.xcassets in Resources */ = {isa = PBXBuildFile; fileRef = 04598DCA1FEA03DC0025CDA9 /* Assets.xcassets */; };
		04598DCE1FEA03DC0025CDA9 /* LaunchScreen.storyboard in Resources */ = {isa = PBXBuildFile; fileRef = 04598DCC1FEA03DC0025CDA9 /* LaunchScreen.storyboard */; };
		04598DD11FEA03DC0025CDA9 /* main.m in Sources */ = {isa = PBXBuildFile; fileRef = 04598DD01FEA03DC0025CDA9 /* main.m */; };
		04598DDB1FEA03DC0025CDA9 /* XLProductTests.m in Sources */ = {isa = PBXBuildFile; fileRef = 04598DDA1FEA03DC0025CDA9 /* XLProductTests.m */; };
		04598DE61FEA03DC0025CDA9 /* XLProductUITests.m in Sources */ = {isa = PBXBuildFile; fileRef = 04598DE51FEA03DC0025CDA9 /* XLProductUITests.m */; };
		04637E9520031E1C000CDD57 /* NSObject+BAHook.m in Sources */ = {isa = PBXBuildFile; fileRef = 04637E8F20031E1C000CDD57 /* NSObject+BAHook.m */; };
		04637E9720031E1C000CDD57 /* NSString+MD5.m in Sources */ = {isa = PBXBuildFile; fileRef = 04637E9420031E1C000CDD57 /* NSString+MD5.m */; };
		04637E9B20031E46000CDD57 /* UIImage+CFJ.m in Sources */ = {isa = PBXBuildFile; fileRef = 04637E9A20031E45000CDD57 /* UIImage+CFJ.m */; };
		04637E9F20031EAC000CDD57 /* Utils.m in Sources */ = {isa = PBXBuildFile; fileRef = 04637E9E20031EAB000CDD57 /* Utils.m */; };
		04637EA820031F4C000CDD57 /* HCVersionMgr.m in Sources */ = {isa = PBXBuildFile; fileRef = 04637EA420031F4B000CDD57 /* HCVersionMgr.m */; };
		04637EAA20031F4C000CDD57 /* HCAppMgr.m in Sources */ = {isa = PBXBuildFile; fileRef = 04637EA720031F4C000CDD57 /* HCAppMgr.m */; };
		04637EAD20032011000CDD57 /* HCAccountMgr.m in Sources */ = {isa = PBXBuildFile; fileRef = 04637EAB20032010000CDD57 /* HCAccountMgr.m */; };
		E0A58386A3BBD8883BD2F2A9 /* libPods-XLProduct.a in Frameworks */ = {isa = PBXBuildFile; fileRef = EA15AD9C81A1D95217E41C72 /* libPods-XLProduct.a */; };
/* End PBXBuildFile section */

/* Begin PBXContainerItemProxy section */
		04598DD71FEA03DC0025CDA9 /* PBXContainerItemProxy */ = {
			isa = PBXContainerItemProxy;
			containerPortal = 04598DB31FEA03DC0025CDA9 /* Project object */;
			proxyType = 1;
			remoteGlobalIDString = 04598DBA1FEA03DC0025CDA9;
			remoteInfo = XLProduct;
		};
		04598DE21FEA03DC0025CDA9 /* PBXContainerItemProxy */ = {
			isa = PBXContainerItemProxy;
			containerPortal = 04598DB31FEA03DC0025CDA9 /* Project object */;
			proxyType = 1;
			remoteGlobalIDString = 04598DBA1FEA03DC0025CDA9;
			remoteInfo = XLProduct;
		};
/* End PBXContainerItemProxy section */

/* Begin PBXFileReference section */
		04598DBB1FEA03DC0025CDA9 /* XLProduct.app */ = {isa = PBXFileReference; explicitFileType = wrapper.application; includeInIndex = 0; path = XLProduct.app; sourceTree = BUILT_PRODUCTS_DIR; };
		04598DBE1FEA03DC0025CDA9 /* AppDelegate.h */ = {isa = PBXFileReference; lastKnownFileType = sourcecode.c.h; path = AppDelegate.h; sourceTree = "<group>"; };
		04598DBF1FEA03DC0025CDA9 /* AppDelegate.m */ = {isa = PBXFileReference; lastKnownFileType = sourcecode.c.objc; path = AppDelegate.m; sourceTree = "<group>"; };
		04598DC51FEA03DC0025CDA9 /* Base */ = {isa = PBXFileReference; lastKnownFileType = file.storyboard; name = Base; path = Base.lproj/Main.storyboard; sourceTree = "<group>"; };
		04598DC81FEA03DC0025CDA9 /* XLProduct.xcdatamodel */ = {isa = PBXFileReference; lastKnownFileType = wrapper.xcdatamodel; path = XLProduct.xcdatamodel; sourceTree = "<group>"; };
		04598DCA1FEA03DC0025CDA9 /* Assets.xcassets */ = {isa = PBXFileReference; lastKnownFileType = folder.assetcatalog; path = Assets.xcassets; sourceTree = "<group>"; };
		04598DCD1FEA03DC0025CDA9 /* Base */ = {isa = PBXFileReference; lastKnownFileType = file.storyboard; name = Base; path = Base.lproj/LaunchScreen.storyboard; sourceTree = "<group>"; };
		04598DCF1FEA03DC0025CDA9 /* Info.plist */ = {isa = PBXFileReference; lastKnownFileType = text.plist.xml; path = Info.plist; sourceTree = "<group>"; };
		04598DD01FEA03DC0025CDA9 /* main.m */ = {isa = PBXFileReference; lastKnownFileType = sourcecode.c.objc; path = main.m; sourceTree = "<group>"; };
		04598DD61FEA03DC0025CDA9 /* XLProductTests.xctest */ = {isa = PBXFileReference; explicitFileType = wrapper.cfbundle; includeInIndex = 0; path = XLProductTests.xctest; sourceTree = BUILT_PRODUCTS_DIR; };
		04598DDA1FEA03DC0025CDA9 /* XLProductTests.m */ = {isa = PBXFileReference; lastKnownFileType = sourcecode.c.objc; path = XLProductTests.m; sourceTree = "<group>"; };
		04598DDC1FEA03DC0025CDA9 /* Info.plist */ = {isa = PBXFileReference; lastKnownFileType = text.plist.xml; path = Info.plist; sourceTree = "<group>"; };
		04598DE11FEA03DC0025CDA9 /* XLProductUITests.xctest */ = {isa = PBXFileReference; explicitFileType = wrapper.cfbundle; includeInIndex = 0; path = XLProductUITests.xctest; sourceTree = BUILT_PRODUCTS_DIR; };
		04598DE51FEA03DC0025CDA9 /* XLProductUITests.m */ = {isa = PBXFileReference; lastKnownFileType = sourcecode.c.objc; path = XLProductUITests.m; sourceTree = "<group>"; };
		04598DE71FEA03DC0025CDA9 /* Info.plist */ = {isa = PBXFileReference; lastKnownFileType = text.plist.xml; path = Info.plist; sourceTree = "<group>"; };
		04637E8920030016000CDD57 /* XLMacros.h */ = {isa = PBXFileReference; lastKnownFileType = sourcecode.c.h; path = XLMacros.h; sourceTree = "<group>"; };
		04637E8A200302BF000CDD57 /* XLColorMacros.h */ = {isa = PBXFileReference; lastKnownFileType = sourcecode.c.h; path = XLColorMacros.h; sourceTree = "<group>"; };
		04637E8B200303EC000CDD57 /* XLHeader.pch */ = {isa = PBXFileReference; lastKnownFileType = sourcecode.c.h; path = XLHeader.pch; sourceTree = "<group>"; };
		04637E8E20031E1C000CDD57 /* NSObject+BAHook.h */ = {isa = PBXFileReference; fileEncoding = 4; lastKnownFileType = sourcecode.c.h; path = "NSObject+BAHook.h"; sourceTree = "<group>"; };
		04637E8F20031E1C000CDD57 /* NSObject+BAHook.m */ = {isa = PBXFileReference; fileEncoding = 4; lastKnownFileType = sourcecode.c.objc; path = "NSObject+BAHook.m"; sourceTree = "<group>"; };
		04637E9320031E1C000CDD57 /* NSString+MD5.h */ = {isa = PBXFileReference; fileEncoding = 4; lastKnownFileType = sourcecode.c.h; path = "NSString+MD5.h"; sourceTree = "<group>"; };
		04637E9420031E1C000CDD57 /* NSString+MD5.m */ = {isa = PBXFileReference; fileEncoding = 4; lastKnownFileType = sourcecode.c.objc; path = "NSString+MD5.m"; sourceTree = "<group>"; };
		04637E9920031E45000CDD57 /* UIImage+CFJ.h */ = {isa = PBXFileReference; fileEncoding = 4; lastKnownFileType = sourcecode.c.h; path = "UIImage+CFJ.h"; sourceTree = "<group>"; };
		04637E9A20031E45000CDD57 /* UIImage+CFJ.m */ = {isa = PBXFileReference; fileEncoding = 4; lastKnownFileType = sourcecode.c.objc; path = "UIImage+CFJ.m"; sourceTree = "<group>"; };
		04637E9D20031EAB000CDD57 /* Utils.h */ = {isa = PBXFileReference; fileEncoding = 4; lastKnownFileType = sourcecode.c.h; path = Utils.h; sourceTree = "<group>"; };
		04637E9E20031EAB000CDD57 /* Utils.m */ = {isa = PBXFileReference; fileEncoding = 4; lastKnownFileType = sourcecode.c.objc; path = Utils.m; sourceTree = "<group>"; };
		04637EA220031F4B000CDD57 /* HCVersionMgr.h */ = {isa = PBXFileReference; fileEncoding = 4; lastKnownFileType = sourcecode.c.h; path = HCVersionMgr.h; sourceTree = "<group>"; };
		04637EA320031F4B000CDD57 /* HCAppMgr.h */ = {isa = PBXFileReference; fileEncoding = 4; lastKnownFileType = sourcecode.c.h; path = HCAppMgr.h; sourceTree = "<group>"; };
		04637EA420031F4B000CDD57 /* HCVersionMgr.m */ = {isa = PBXFileReference; fileEncoding = 4; lastKnownFileType = sourcecode.c.objc; path = HCVersionMgr.m; sourceTree = "<group>"; };
		04637EA720031F4C000CDD57 /* HCAppMgr.m */ = {isa = PBXFileReference; fileEncoding = 4; lastKnownFileType = sourcecode.c.objc; path = HCAppMgr.m; sourceTree = "<group>"; };
		04637EAB20032010000CDD57 /* HCAccountMgr.m */ = {isa = PBXFileReference; fileEncoding = 4; lastKnownFileType = sourcecode.c.objc; path = HCAccountMgr.m; sourceTree = "<group>"; };
		04637EAC20032010000CDD57 /* HCAccountMgr.h */ = {isa = PBXFileReference; fileEncoding = 4; lastKnownFileType = sourcecode.c.h; path = HCAccountMgr.h; sourceTree = "<group>"; };
		3123FF29C041351B3A009BFC /* Pods-XLProduct.debug.xcconfig */ = {isa = PBXFileReference; includeInIndex = 1; lastKnownFileType = text.xcconfig; name = "Pods-XLProduct.debug.xcconfig"; path = "Pods/Target Support Files/Pods-XLProduct/Pods-XLProduct.debug.xcconfig"; sourceTree = "<group>"; };
		A24F3EC0B0C226A3C71BFEDC /* Pods-XLProduct.release.xcconfig */ = {isa = PBXFileReference; includeInIndex = 1; lastKnownFileType = text.xcconfig; name = "Pods-XLProduct.release.xcconfig"; path = "Pods/Target Support Files/Pods-XLProduct/Pods-XLProduct.release.xcconfig"; sourceTree = "<group>"; };
		EA15AD9C81A1D95217E41C72 /* libPods-XLProduct.a */ = {isa = PBXFileReference; explicitFileType = archive.ar; includeInIndex = 0; path = "libPods-XLProduct.a"; sourceTree = BUILT_PRODUCTS_DIR; };
/* End PBXFileReference section */

/* Begin PBXFrameworksBuildPhase section */
		04598DB81FEA03DC0025CDA9 /* Frameworks */ = {
			isa = PBXFrameworksBuildPhase;
			buildActionMask = 2147483647;
			files = (
				E0A58386A3BBD8883BD2F2A9 /* libPods-XLProduct.a in Frameworks */,
			);
			runOnlyForDeploymentPostprocessing = 0;
		};
		04598DD31FEA03DC0025CDA9 /* Frameworks */ = {
			isa = PBXFrameworksBuildPhase;
			buildActionMask = 2147483647;
			files = (
			);
			runOnlyForDeploymentPostprocessing = 0;
		};
		04598DDE1FEA03DC0025CDA9 /* Frameworks */ = {
			isa = PBXFrameworksBuildPhase;
			buildActionMask = 2147483647;
			files = (
			);
			runOnlyForDeploymentPostprocessing = 0;
		};
/* End PBXFrameworksBuildPhase section */

/* Begin PBXGroup section */
		04598DB21FEA03DC0025CDA9 = {
			isa = PBXGroup;
			children = (
				04598DBD1FEA03DC0025CDA9 /* XLProduct */,
				04598DD91FEA03DC0025CDA9 /* XLProductTests */,
				04598DE41FEA03DC0025CDA9 /* XLProductUITests */,
				04598DBC1FEA03DC0025CDA9 /* Products */,
				61AB54F14AD618E8F626C785 /* Pods */,
				06C2BC6220523E565B76D1CE /* Frameworks */,
			);
			sourceTree = "<group>";
		};
		04598DBC1FEA03DC0025CDA9 /* Products */ = {
			isa = PBXGroup;
			children = (
				04598DBB1FEA03DC0025CDA9 /* XLProduct.app */,
				04598DD61FEA03DC0025CDA9 /* XLProductTests.xctest */,
				04598DE11FEA03DC0025CDA9 /* XLProductUITests.xctest */,
			);
			name = Products;
			sourceTree = "<group>";
		};
		04598DBD1FEA03DC0025CDA9 /* XLProduct */ = {
			isa = PBXGroup;
			children = (
				04637E842002FEE3000CDD57 /* Class */,
				04598DF31FEA06760025CDA9 /* Supprting Files */,
			);
			path = XLProduct;
			sourceTree = "<group>";
		};
		04598DD91FEA03DC0025CDA9 /* XLProductTests */ = {
			isa = PBXGroup;
			children = (
				04598DDA1FEA03DC0025CDA9 /* XLProductTests.m */,
				04598DDC1FEA03DC0025CDA9 /* Info.plist */,
			);
			path = XLProductTests;
			sourceTree = "<group>";
		};
		04598DE41FEA03DC0025CDA9 /* XLProductUITests */ = {
			isa = PBXGroup;
			children = (
				04598DE51FEA03DC0025CDA9 /* XLProductUITests.m */,
				04598DE71FEA03DC0025CDA9 /* Info.plist */,
			);
			path = XLProductUITests;
			sourceTree = "<group>";
		};
		04598DF31FEA06760025CDA9 /* Supprting Files */ = {
			isa = PBXGroup;
			children = (
				04598DBE1FEA03DC0025CDA9 /* AppDelegate.h */,
				04598DBF1FEA03DC0025CDA9 /* AppDelegate.m */,
				04598DC41FEA03DC0025CDA9 /* Main.storyboard */,
				04598DCA1FEA03DC0025CDA9 /* Assets.xcassets */,
				04598DCC1FEA03DC0025CDA9 /* LaunchScreen.storyboard */,
				04598DCF1FEA03DC0025CDA9 /* Info.plist */,
				04598DD01FEA03DC0025CDA9 /* main.m */,
				04637E8B200303EC000CDD57 /* XLHeader.pch */,
				04598DC71FEA03DC0025CDA9 /* XLProduct.xcdatamodeld */,
			);
			path = "Supprting Files";
			sourceTree = "<group>";
		};
		04637E842002FEE3000CDD57 /* Class */ = {
			isa = PBXGroup;
			children = (
				04637E852002FF02000CDD57 /* Expand */,
				04637E862002FF19000CDD57 /* main */,
				04637E872002FF33000CDD57 /* Vender */,
			);
			path = Class;
			sourceTree = "<group>";
		};
		04637E852002FF02000CDD57 /* Expand */ = {
			isa = PBXGroup;
			children = (
				04637EA120031F2D000CDD57 /* Manager */,
				04637E8C20031E13000CDD57 /* Category */,
				04637E882002FFDE000CDD57 /* Macros */,
				04637E9C20031E9F000CDD57 /* Tool */,
			);
			path = Expand;
			sourceTree = "<group>";
		};
		04637E862002FF19000CDD57 /* main */ = {
			isa = PBXGroup;
			children = (
			);
			path = main;
			sourceTree = "<group>";
		};
		04637E872002FF33000CDD57 /* Vender */ = {
			isa = PBXGroup;
			children = (
			);
			path = Vender;
			sourceTree = "<group>";
		};
		04637E882002FFDE000CDD57 /* Macros */ = {
			isa = PBXGroup;
			children = (
				04637E8920030016000CDD57 /* XLMacros.h */,
				04637E8A200302BF000CDD57 /* XLColorMacros.h */,
			);
			path = Macros;
			sourceTree = "<group>";
		};
		04637E8C20031E13000CDD57 /* Category */ = {
			isa = PBXGroup;
			children = (
				04637E9820031E45000CDD57 /* UIImage+Stretch */,
				04637E8D20031E1C000CDD57 /* Button+BAHook */,
				04637E9220031E1C000CDD57 /* NSString+MD5 */,
			);
			path = Category;
			sourceTree = "<group>";
		};
		04637E8D20031E1C000CDD57 /* Button+BAHook */ = {
			isa = PBXGroup;
			children = (
				04637E8E20031E1C000CDD57 /* NSObject+BAHook.h */,
				04637E8F20031E1C000CDD57 /* NSObject+BAHook.m */,
			);
			path = "Button+BAHook";
			sourceTree = "<group>";
		};
		04637E9220031E1C000CDD57 /* NSString+MD5 */ = {
			isa = PBXGroup;
			children = (
				04637E9320031E1C000CDD57 /* NSString+MD5.h */,
				04637E9420031E1C000CDD57 /* NSString+MD5.m */,
			);
			path = "NSString+MD5";
			sourceTree = "<group>";
		};
		04637E9820031E45000CDD57 /* UIImage+Stretch */ = {
			isa = PBXGroup;
			children = (
				04637E9920031E45000CDD57 /* UIImage+CFJ.h */,
				04637E9A20031E45000CDD57 /* UIImage+CFJ.m */,
			);
			path = "UIImage+Stretch";
			sourceTree = "<group>";
		};
		04637E9C20031E9F000CDD57 /* Tool */ = {
			isa = PBXGroup;
			children = (
				04637E9D20031EAB000CDD57 /* Utils.h */,
				04637E9E20031EAB000CDD57 /* Utils.m */,
			);
			path = Tool;
			sourceTree = "<group>";
		};
		04637EA120031F2D000CDD57 /* Manager */ = {
			isa = PBXGroup;
			children = (
				04637EA320031F4B000CDD57 /* HCAppMgr.h */,
				04637EA720031F4C000CDD57 /* HCAppMgr.m */,
				04637EA220031F4B000CDD57 /* HCVersionMgr.h */,
				04637EA420031F4B000CDD57 /* HCVersionMgr.m */,
				04637EAC20032010000CDD57 /* HCAccountMgr.h */,
				04637EAB20032010000CDD57 /* HCAccountMgr.m */,
			);
			path = Manager;
			sourceTree = "<group>";
		};
		06C2BC6220523E565B76D1CE /* Frameworks */ = {
			isa = PBXGroup;
			children = (
				EA15AD9C81A1D95217E41C72 /* libPods-XLProduct.a */,
			);
			name = Frameworks;
			sourceTree = "<group>";
		};
		61AB54F14AD618E8F626C785 /* Pods */ = {
			isa = PBXGroup;
			children = (
				3123FF29C041351B3A009BFC /* Pods-XLProduct.debug.xcconfig */,
				A24F3EC0B0C226A3C71BFEDC /* Pods-XLProduct.release.xcconfig */,
			);
			name = Pods;
			sourceTree = "<group>";
		};
/* End PBXGroup section */

/* Begin PBXNativeTarget section */
		04598DBA1FEA03DC0025CDA9 /* XLProduct */ = {
			isa = PBXNativeTarget;
			buildConfigurationList = 04598DEA1FEA03DC0025CDA9 /* Build configuration list for PBXNativeTarget "XLProduct" */;
			buildPhases = (
				9E83C58EF6EF763BCB836816 /* [CP] Check Pods Manifest.lock */,
				04598DB71FEA03DC0025CDA9 /* Sources */,
				04598DB81FEA03DC0025CDA9 /* Frameworks */,
				04598DB91FEA03DC0025CDA9 /* Resources */,
				3502CE3BC2A1229FAB1181F8 /* [CP] Embed Pods Frameworks */,
				22B08AAA15C6B5C5A021E711 /* [CP] Copy Pods Resources */,
			);
			buildRules = (
			);
			dependencies = (
			);
			name = XLProduct;
			productName = XLProduct;
			productReference = 04598DBB1FEA03DC0025CDA9 /* XLProduct.app */;
			productType = "com.apple.product-type.application";
		};
		04598DD51FEA03DC0025CDA9 /* XLProductTests */ = {
			isa = PBXNativeTarget;
			buildConfigurationList = 04598DED1FEA03DC0025CDA9 /* Build configuration list for PBXNativeTarget "XLProductTests" */;
			buildPhases = (
				04598DD21FEA03DC0025CDA9 /* Sources */,
				04598DD31FEA03DC0025CDA9 /* Frameworks */,
				04598DD41FEA03DC0025CDA9 /* Resources */,
			);
			buildRules = (
			);
			dependencies = (
				04598DD81FEA03DC0025CDA9 /* PBXTargetDependency */,
			);
			name = XLProductTests;
			productName = XLProductTests;
			productReference = 04598DD61FEA03DC0025CDA9 /* XLProductTests.xctest */;
			productType = "com.apple.product-type.bundle.unit-test";
		};
		04598DE01FEA03DC0025CDA9 /* XLProductUITests */ = {
			isa = PBXNativeTarget;
			buildConfigurationList = 04598DF01FEA03DC0025CDA9 /* Build configuration list for PBXNativeTarget "XLProductUITests" */;
			buildPhases = (
				04598DDD1FEA03DC0025CDA9 /* Sources */,
				04598DDE1FEA03DC0025CDA9 /* Frameworks */,
				04598DDF1FEA03DC0025CDA9 /* Resources */,
			);
			buildRules = (
			);
			dependencies = (
				04598DE31FEA03DC0025CDA9 /* PBXTargetDependency */,
			);
			name = XLProductUITests;
			productName = XLProductUITests;
			productReference = 04598DE11FEA03DC0025CDA9 /* XLProductUITests.xctest */;
			productType = "com.apple.product-type.bundle.ui-testing";
		};
/* End PBXNativeTarget section */

/* Begin PBXProject section */
		04598DB31FEA03DC0025CDA9 /* Project object */ = {
			isa = PBXProject;
			attributes = {
				LastUpgradeCheck = 0910;
				ORGANIZATIONNAME = Mac;
				TargetAttributes = {
					04598DBA1FEA03DC0025CDA9 = {
						CreatedOnToolsVersion = 9.1;
						ProvisioningStyle = Automatic;
					};
					04598DD51FEA03DC0025CDA9 = {
						CreatedOnToolsVersion = 9.1;
						ProvisioningStyle = Automatic;
						TestTargetID = 04598DBA1FEA03DC0025CDA9;
					};
					04598DE01FEA03DC0025CDA9 = {
						CreatedOnToolsVersion = 9.1;
						ProvisioningStyle = Automatic;
						TestTargetID = 04598DBA1FEA03DC0025CDA9;
					};
				};
			};
			buildConfigurationList = 04598DB61FEA03DC0025CDA9 /* Build configuration list for PBXProject "XLProduct" */;
			compatibilityVersion = "Xcode 8.0";
			developmentRegion = en;
			hasScannedForEncodings = 0;
			knownRegions = (
				en,
				Base,
			);
			mainGroup = 04598DB21FEA03DC0025CDA9;
			productRefGroup = 04598DBC1FEA03DC0025CDA9 /* Products */;
			projectDirPath = "";
			projectRoot = "";
			targets = (
				04598DBA1FEA03DC0025CDA9 /* XLProduct */,
				04598DD51FEA03DC0025CDA9 /* XLProductTests */,
				04598DE01FEA03DC0025CDA9 /* XLProductUITests */,
			);
		};
/* End PBXProject section */

/* Begin PBXResourcesBuildPhase section */
		04598DB91FEA03DC0025CDA9 /* Resources */ = {
			isa = PBXResourcesBuildPhase;
			buildActionMask = 2147483647;
			files = (
				04598DCE1FEA03DC0025CDA9 /* LaunchScreen.storyboard in Resources */,
				04598DCB1FEA03DC0025CDA9 /* Assets.xcassets in Resources */,
				04598DC61FEA03DC0025CDA9 /* Main.storyboard in Resources */,
			);
			runOnlyForDeploymentPostprocessing = 0;
		};
		04598DD41FEA03DC0025CDA9 /* Resources */ = {
			isa = PBXResourcesBuildPhase;
			buildActionMask = 2147483647;
			files = (
			);
			runOnlyForDeploymentPostprocessing = 0;
		};
		04598DDF1FEA03DC0025CDA9 /* Resources */ = {
			isa = PBXResourcesBuildPhase;
			buildActionMask = 2147483647;
			files = (
			);
			runOnlyForDeploymentPostprocessing = 0;
		};
/* End PBXResourcesBuildPhase section */

/* Begin PBXShellScriptBuildPhase section */
		22B08AAA15C6B5C5A021E711 /* [CP] Copy Pods Resources */ = {
			isa = PBXShellScriptBuildPhase;
			buildActionMask = 2147483647;
			files = (
			);
			inputPaths = (
				"${SRCROOT}/Pods/Target Support Files/Pods-XLProduct/Pods-XLProduct-resources.sh",
				"${PODS_ROOT}/IQKeyboardManager/IQKeyboardManager/Resources/IQKeyboardManager.bundle",
				"${PODS_ROOT}/MJRefresh/MJRefresh/MJRefresh.bundle",
			);
			name = "[CP] Copy Pods Resources";
			outputPaths = (
				"${TARGET_BUILD_DIR}/${UNLOCALIZED_RESOURCES_FOLDER_PATH}",
			);
			runOnlyForDeploymentPostprocessing = 0;
			shellPath = /bin/sh;
			shellScript = "\"${SRCROOT}/Pods/Target Support Files/Pods-XLProduct/Pods-XLProduct-resources.sh\"\n";
			showEnvVarsInLog = 0;
		};
		3502CE3BC2A1229FAB1181F8 /* [CP] Embed Pods Frameworks */ = {
			isa = PBXShellScriptBuildPhase;
			buildActionMask = 2147483647;
			files = (
			);
			inputPaths = (
				"${SRCROOT}/Pods/Target Support Files/Pods-XLProduct/Pods-XLProduct-frameworks.sh",
				"${BUILT_PRODUCTS_DIR}/AFNetworking/AFNetworking.framework",
				"${BUILT_PRODUCTS_DIR}/FMDB/FMDB.framework",
				"${BUILT_PRODUCTS_DIR}/IQKeyboardManager/IQKeyboardManager.framework",
				"${BUILT_PRODUCTS_DIR}/MBProgressHUD/MBProgressHUD.framework",
				"${BUILT_PRODUCTS_DIR}/MJExtension/MJExtension.framework",
				"${BUILT_PRODUCTS_DIR}/MJRefresh/MJRefresh.framework",
				"${BUILT_PRODUCTS_DIR}/ReactiveObjC/ReactiveObjC.framework",
				"${BUILT_PRODUCTS_DIR}/SDAutoLayout/SDAutoLayout.framework",
				"${BUILT_PRODUCTS_DIR}/SDWebImage/SDWebImage.framework",
				"${BUILT_PRODUCTS_DIR}/YTKNetwork/YTKNetwork.framework",
			);
			name = "[CP] Embed Pods Frameworks";
			outputPaths = (
				"${TARGET_BUILD_DIR}/${FRAMEWORKS_FOLDER_PATH}/AFNetworking.framework",
				"${TARGET_BUILD_DIR}/${FRAMEWORKS_FOLDER_PATH}/FMDB.framework",
				"${TARGET_BUILD_DIR}/${FRAMEWORKS_FOLDER_PATH}/IQKeyboardManager.framework",
				"${TARGET_BUILD_DIR}/${FRAMEWORKS_FOLDER_PATH}/MBProgressHUD.framework",
				"${TARGET_BUILD_DIR}/${FRAMEWORKS_FOLDER_PATH}/MJExtension.framework",
				"${TARGET_BUILD_DIR}/${FRAMEWORKS_FOLDER_PATH}/MJRefresh.framework",
				"${TARGET_BUILD_DIR}/${FRAMEWORKS_FOLDER_PATH}/ReactiveObjC.framework",
				"${TARGET_BUILD_DIR}/${FRAMEWORKS_FOLDER_PATH}/SDAutoLayout.framework",
				"${TARGET_BUILD_DIR}/${FRAMEWORKS_FOLDER_PATH}/SDWebImage.framework",
				"${TARGET_BUILD_DIR}/${FRAMEWORKS_FOLDER_PATH}/YTKNetwork.framework",
			);
			runOnlyForDeploymentPostprocessing = 0;
			shellPath = /bin/sh;
			shellScript = "\"${SRCROOT}/Pods/Target Support Files/Pods-XLProduct/Pods-XLProduct-frameworks.sh\"\n";
			showEnvVarsInLog = 0;
		};
		9E83C58EF6EF763BCB836816 /* [CP] Check Pods Manifest.lock */ = {
			isa = PBXShellScriptBuildPhase;
			buildActionMask = 2147483647;
			files = (
			);
			inputPaths = (
				"${PODS_PODFILE_DIR_PATH}/Podfile.lock",
				"${PODS_ROOT}/Manifest.lock",
			);
			name = "[CP] Check Pods Manifest.lock";
			outputPaths = (
				"$(DERIVED_FILE_DIR)/Pods-XLProduct-checkManifestLockResult.txt",
			);
			runOnlyForDeploymentPostprocessing = 0;
			shellPath = /bin/sh;
			shellScript = "diff \"${PODS_PODFILE_DIR_PATH}/Podfile.lock\" \"${PODS_ROOT}/Manifest.lock\" > /dev/null\nif [ $? != 0 ] ; then\n    # print error to STDERR\n    echo \"error: The sandbox is not in sync with the Podfile.lock. Run 'pod install' or update your CocoaPods installation.\" >&2\n    exit 1\nfi\n# This output is used by Xcode 'outputs' to avoid re-running this script phase.\necho \"SUCCESS\" > \"${SCRIPT_OUTPUT_FILE_0}\"\n";
			showEnvVarsInLog = 0;
		};
/* End PBXShellScriptBuildPhase section */

/* Begin PBXSourcesBuildPhase section */
		04598DB71FEA03DC0025CDA9 /* Sources */ = {
			isa = PBXSourcesBuildPhase;
			buildActionMask = 2147483647;
			files = (
				04598DC91FEA03DC0025CDA9 /* XLProduct.xcdatamodeld in Sources */,
				04598DD11FEA03DC0025CDA9 /* main.m in Sources */,
				04637EAD20032011000CDD57 /* HCAccountMgr.m in Sources */,
				04637E9F20031EAC000CDD57 /* Utils.m in Sources */,
				04637E9B20031E46000CDD57 /* UIImage+CFJ.m in Sources */,
				04598DC01FEA03DC0025CDA9 /* AppDelegate.m in Sources */,
				04637E9520031E1C000CDD57 /* NSObject+BAHook.m in Sources */,
				04637EAA20031F4C000CDD57 /* HCAppMgr.m in Sources */,
				04637EA820031F4C000CDD57 /* HCVersionMgr.m in Sources */,
				04637E9720031E1C000CDD57 /* NSString+MD5.m in Sources */,
			);
			runOnlyForDeploymentPostprocessing = 0;
		};
		04598DD21FEA03DC0025CDA9 /* Sources */ = {
			isa = PBXSourcesBuildPhase;
			buildActionMask = 2147483647;
			files = (
				04598DDB1FEA03DC0025CDA9 /* XLProductTests.m in Sources */,
			);
			runOnlyForDeploymentPostprocessing = 0;
		};
		04598DDD1FEA03DC0025CDA9 /* Sources */ = {
			isa = PBXSourcesBuildPhase;
			buildActionMask = 2147483647;
			files = (
				04598DE61FEA03DC0025CDA9 /* XLProductUITests.m in Sources */,
			);
			runOnlyForDeploymentPostprocessing = 0;
		};
/* End PBXSourcesBuildPhase section */

/* Begin PBXTargetDependency section */
		04598DD81FEA03DC0025CDA9 /* PBXTargetDependency */ = {
			isa = PBXTargetDependency;
			target = 04598DBA1FEA03DC0025CDA9 /* XLProduct */;
			targetProxy = 04598DD71FEA03DC0025CDA9 /* PBXContainerItemProxy */;
		};
		04598DE31FEA03DC0025CDA9 /* PBXTargetDependency */ = {
			isa = PBXTargetDependency;
			target = 04598DBA1FEA03DC0025CDA9 /* XLProduct */;
			targetProxy = 04598DE21FEA03DC0025CDA9 /* PBXContainerItemProxy */;
		};
/* End PBXTargetDependency section */

/* Begin PBXVariantGroup section */
		04598DC41FEA03DC0025CDA9 /* Main.storyboard */ = {
			isa = PBXVariantGroup;
			children = (
				04598DC51FEA03DC0025CDA9 /* Base */,
			);
			name = Main.storyboard;
			sourceTree = "<group>";
		};
		04598DCC1FEA03DC0025CDA9 /* LaunchScreen.storyboard */ = {
			isa = PBXVariantGroup;
			children = (
				04598DCD1FEA03DC0025CDA9 /* Base */,
			);
			name = LaunchScreen.storyboard;
			sourceTree = "<group>";
		};
/* End PBXVariantGroup section */

/* Begin XCBuildConfiguration section */
		04598DE81FEA03DC0025CDA9 /* Debug */ = {
			isa = XCBuildConfiguration;
			buildSettings = {
				ALWAYS_SEARCH_USER_PATHS = NO;
				CLANG_ANALYZER_NONNULL = YES;
				CLANG_ANALYZER_NUMBER_OBJECT_CONVERSION = YES_AGGRESSIVE;
				CLANG_CXX_LANGUAGE_STANDARD = "gnu++14";
				CLANG_CXX_LIBRARY = "libc++";
				CLANG_ENABLE_MODULES = YES;
				CLANG_ENABLE_OBJC_ARC = YES;
				CLANG_WARN_BLOCK_CAPTURE_AUTORELEASING = YES;
				CLANG_WARN_BOOL_CONVERSION = YES;
				CLANG_WARN_COMMA = YES;
				CLANG_WARN_CONSTANT_CONVERSION = YES;
				CLANG_WARN_DIRECT_OBJC_ISA_USAGE = YES_ERROR;
				CLANG_WARN_DOCUMENTATION_COMMENTS = YES;
				CLANG_WARN_EMPTY_BODY = YES;
				CLANG_WARN_ENUM_CONVERSION = YES;
				CLANG_WARN_INFINITE_RECURSION = YES;
				CLANG_WARN_INT_CONVERSION = YES;
				CLANG_WARN_NON_LITERAL_NULL_CONVERSION = YES;
				CLANG_WARN_OBJC_LITERAL_CONVERSION = YES;
				CLANG_WARN_OBJC_ROOT_CLASS = YES_ERROR;
				CLANG_WARN_RANGE_LOOP_ANALYSIS = YES;
				CLANG_WARN_STRICT_PROTOTYPES = YES;
				CLANG_WARN_SUSPICIOUS_MOVE = YES;
				CLANG_WARN_UNGUARDED_AVAILABILITY = YES_AGGRESSIVE;
				CLANG_WARN_UNREACHABLE_CODE = YES;
				CLANG_WARN__DUPLICATE_METHOD_MATCH = YES;
				CODE_SIGN_IDENTITY = "iPhone Developer";
				COPY_PHASE_STRIP = NO;
				DEBUG_INFORMATION_FORMAT = dwarf;
				ENABLE_STRICT_OBJC_MSGSEND = YES;
				ENABLE_TESTABILITY = YES;
				GCC_C_LANGUAGE_STANDARD = gnu11;
				GCC_DYNAMIC_NO_PIC = NO;
				GCC_INCREASE_PRECOMPILED_HEADER_SHARING = YES;
				GCC_NO_COMMON_BLOCKS = YES;
				GCC_OPTIMIZATION_LEVEL = 0;
				GCC_PRECOMPILE_PREFIX_HEADER = YES;
				GCC_PREFIX_HEADER = "/Users/mac/Desktop/XLProduct/XLProduct/Supprting\\ Files/XLHeader.pch ";
				GCC_PREPROCESSOR_DEFINITIONS = (
					"DEBUG=1",
					"$(inherited)",
				);
				GCC_WARN_64_TO_32_BIT_CONVERSION = YES;
				GCC_WARN_ABOUT_RETURN_TYPE = YES_ERROR;
				GCC_WARN_UNDECLARED_SELECTOR = YES;
				GCC_WARN_UNINITIALIZED_AUTOS = YES_AGGRESSIVE;
				GCC_WARN_UNUSED_FUNCTION = YES;
				GCC_WARN_UNUSED_VARIABLE = YES;
				IPHONEOS_DEPLOYMENT_TARGET = 11.1;
				MTL_ENABLE_DEBUG_INFO = YES;
				ONLY_ACTIVE_ARCH = YES;
				SDKROOT = iphoneos;
			};
			name = Debug;
		};
		04598DE91FEA03DC0025CDA9 /* Release */ = {
			isa = XCBuildConfiguration;
			buildSettings = {
				ALWAYS_SEARCH_USER_PATHS = NO;
				CLANG_ANALYZER_NONNULL = YES;
				CLANG_ANALYZER_NUMBER_OBJECT_CONVERSION = YES_AGGRESSIVE;
				CLANG_CXX_LANGUAGE_STANDARD = "gnu++14";
				CLANG_CXX_LIBRARY = "libc++";
				CLANG_ENABLE_MODULES = YES;
				CLANG_ENABLE_OBJC_ARC = YES;
				CLANG_WARN_BLOCK_CAPTURE_AUTORELEASING = YES;
				CLANG_WARN_BOOL_CONVERSION = YES;
				CLANG_WARN_COMMA = YES;
				CLANG_WARN_CONSTANT_CONVERSION = YES;
				CLANG_WARN_DIRECT_OBJC_ISA_USAGE = YES_ERROR;
				CLANG_WARN_DOCUMENTATION_COMMENTS = YES;
				CLANG_WARN_EMPTY_BODY = YES;
				CLANG_WARN_ENUM_CONVERSION = YES;
				CLANG_WARN_INFINITE_RECURSION = YES;
				CLANG_WARN_INT_CONVERSION = YES;
				CLANG_WARN_NON_LITERAL_NULL_CONVERSION = YES;
				CLANG_WARN_OBJC_LITERAL_CONVERSION = YES;
				CLANG_WARN_OBJC_ROOT_CLASS = YES_ERROR;
				CLANG_WARN_RANGE_LOOP_ANALYSIS = YES;
				CLANG_WARN_STRICT_PROTOTYPES = YES;
				CLANG_WARN_SUSPICIOUS_MOVE = YES;
				CLANG_WARN_UNGUARDED_AVAILABILITY = YES_AGGRESSIVE;
				CLANG_WARN_UNREACHABLE_CODE = YES;
				CLANG_WARN__DUPLICATE_METHOD_MATCH = YES;
				CODE_SIGN_IDENTITY = "iPhone Developer";
				COPY_PHASE_STRIP = NO;
				DEBUG_INFORMATION_FORMAT = "dwarf-with-dsym";
				ENABLE_NS_ASSERTIONS = NO;
				ENABLE_STRICT_OBJC_MSGSEND = YES;
				GCC_C_LANGUAGE_STANDARD = gnu11;
				GCC_INCREASE_PRECOMPILED_HEADER_SHARING = YES;
				GCC_NO_COMMON_BLOCKS = YES;
				GCC_PRECOMPILE_PREFIX_HEADER = YES;
				GCC_PREFIX_HEADER = "/Users/mac/Desktop/XLProduct/XLProduct/Supprting\\ Files/XLHeader.pch ";
				GCC_WARN_64_TO_32_BIT_CONVERSION = YES;
				GCC_WARN_ABOUT_RETURN_TYPE = YES_ERROR;
				GCC_WARN_UNDECLARED_SELECTOR = YES;
				GCC_WARN_UNINITIALIZED_AUTOS = YES_AGGRESSIVE;
				GCC_WARN_UNUSED_FUNCTION = YES;
				GCC_WARN_UNUSED_VARIABLE = YES;
				IPHONEOS_DEPLOYMENT_TARGET = 11.1;
				MTL_ENABLE_DEBUG_INFO = NO;
				SDKROOT = iphoneos;
				VALIDATE_PRODUCT = YES;
			};
			name = Release;
		};
		04598DEB1FEA03DC0025CDA9 /* Debug */ = {
			isa = XCBuildConfiguration;
			baseConfigurationReference = 3123FF29C041351B3A009BFC /* Pods-XLProduct.debug.xcconfig */;
			buildSettings = {
				ASSETCATALOG_COMPILER_APPICON_NAME = AppIcon;
				CODE_SIGN_STYLE = Automatic;
				DEVELOPMENT_TEAM = DG985695EK;
				GCC_INCREASE_PRECOMPILED_HEADER_SHARING = YES;
				GCC_PREFIX_HEADER = "/wxl/XLProduct/XLProduct/Supprting Files/XLHeader.pch";
				INFOPLIST_FILE = "XLProduct/Supprting Files/Info.plist";
				IPHONEOS_DEPLOYMENT_TARGET = 8.0;
				LD_RUNPATH_SEARCH_PATHS = "$(inherited) @executable_path/Frameworks";
				PRODUCT_BUNDLE_IDENTIFIER = XiaoLin.XLProduct;
				PRODUCT_NAME = "$(TARGET_NAME)";
				TARGETED_DEVICE_FAMILY = 1;
				WARNING_CFLAGS = "-Wno-nonnull";
			};
			name = Debug;
		};
		04598DEC1FEA03DC0025CDA9 /* Release */ = {
			isa = XCBuildConfiguration;
			baseConfigurationReference = A24F3EC0B0C226A3C71BFEDC /* Pods-XLProduct.release.xcconfig */;
			buildSettings = {
				ASSETCATALOG_COMPILER_APPICON_NAME = AppIcon;
				CODE_SIGN_STYLE = Automatic;
				DEVELOPMENT_TEAM = DG985695EK;
				GCC_INCREASE_PRECOMPILED_HEADER_SHARING = YES;
				GCC_PREFIX_HEADER = "/wxl/XLProduct/XLProduct/Supprting Files/XLHeader.pch";
				INFOPLIST_FILE = "XLProduct/Supprting Files/Info.plist";
				IPHONEOS_DEPLOYMENT_TARGET = 8.0;
				LD_RUNPATH_SEARCH_PATHS = "$(inherited) @executable_path/Frameworks";
				PRODUCT_BUNDLE_IDENTIFIER = XiaoLin.XLProduct;
				PRODUCT_NAME = "$(TARGET_NAME)";
				TARGETED_DEVICE_FAMILY = 1;
				WARNING_CFLAGS = "-Wno-nonnull";
			};
			name = Release;
		};
		04598DEE1FEA03DC0025CDA9 /* Debug */ = {
			isa = XCBuildConfiguration;
			buildSettings = {
				BUNDLE_LOADER = "$(TEST_HOST)";
				CODE_SIGN_STYLE = Automatic;
				INFOPLIST_FILE = XLProductTests/Info.plist;
				LD_RUNPATH_SEARCH_PATHS = "$(inherited) @executable_path/Frameworks @loader_path/Frameworks";
				PRODUCT_BUNDLE_IDENTIFIER = XiaoLin.XLProductTests;
				PRODUCT_NAME = "$(TARGET_NAME)";
				TARGETED_DEVICE_FAMILY = "1,2";
				TEST_HOST = "$(BUILT_PRODUCTS_DIR)/XLProduct.app/XLProduct";
			};
			name = Debug;
		};
		04598DEF1FEA03DC0025CDA9 /* Release */ = {
			isa = XCBuildConfiguration;
			buildSettings = {
				BUNDLE_LOADER = "$(TEST_HOST)";
				CODE_SIGN_STYLE = Automatic;
				INFOPLIST_FILE = XLProductTests/Info.plist;
				LD_RUNPATH_SEARCH_PATHS = "$(inherited) @executable_path/Frameworks @loader_path/Frameworks";
				PRODUCT_BUNDLE_IDENTIFIER = XiaoLin.XLProductTests;
				PRODUCT_NAME = "$(TARGET_NAME)";
				TARGETED_DEVICE_FAMILY = "1,2";
				TEST_HOST = "$(BUILT_PRODUCTS_DIR)/XLProduct.app/XLProduct";
			};
			name = Release;
		};
		04598DF11FEA03DC0025CDA9 /* Debug */ = {
			isa = XCBuildConfiguration;
			buildSettings = {
				CODE_SIGN_STYLE = Automatic;
				INFOPLIST_FILE = XLProductUITests/Info.plist;
				LD_RUNPATH_SEARCH_PATHS = "$(inherited) @executable_path/Frameworks @loader_path/Frameworks";
				PRODUCT_BUNDLE_IDENTIFIER = XiaoLin.XLProductUITests;
				PRODUCT_NAME = "$(TARGET_NAME)";
				TARGETED_DEVICE_FAMILY = "1,2";
				TEST_TARGET_NAME = XLProduct;
			};
			name = Debug;
		};
		04598DF21FEA03DC0025CDA9 /* Release */ = {
			isa = XCBuildConfiguration;
			buildSettings = {
				CODE_SIGN_STYLE = Automatic;
				INFOPLIST_FILE = XLProductUITests/Info.plist;
				LD_RUNPATH_SEARCH_PATHS = "$(inherited) @executable_path/Frameworks @loader_path/Frameworks";
				PRODUCT_BUNDLE_IDENTIFIER = XiaoLin.XLProductUITests;
				PRODUCT_NAME = "$(TARGET_NAME)";
				TARGETED_DEVICE_FAMILY = "1,2";
				TEST_TARGET_NAME = XLProduct;
			};
			name = Release;
		};
/* End XCBuildConfiguration section */

/* Begin XCConfigurationList section */
		04598DB61FEA03DC0025CDA9 /* Build configuration list for PBXProject "XLProduct" */ = {
			isa = XCConfigurationList;
			buildConfigurations = (
				04598DE81FEA03DC0025CDA9 /* Debug */,
				04598DE91FEA03DC0025CDA9 /* Release */,
			);
			defaultConfigurationIsVisible = 0;
			defaultConfigurationName = Release;
		};
		04598DEA1FEA03DC0025CDA9 /* Build configuration list for PBXNativeTarget "XLProduct" */ = {
			isa = XCConfigurationList;
			buildConfigurations = (
				04598DEB1FEA03DC0025CDA9 /* Debug */,
				04598DEC1FEA03DC0025CDA9 /* Release */,
			);
			defaultConfigurationIsVisible = 0;
			defaultConfigurationName = Release;
		};
		04598DED1FEA03DC0025CDA9 /* Build configuration list for PBXNativeTarget "XLProductTests" */ = {
			isa = XCConfigurationList;
			buildConfigurations = (
				04598DEE1FEA03DC0025CDA9 /* Debug */,
				04598DEF1FEA03DC0025CDA9 /* Release */,
			);
			defaultConfigurationIsVisible = 0;
			defaultConfigurationName = Release;
		};
		04598DF01FEA03DC0025CDA9 /* Build configuration list for PBXNativeTarget "XLProductUITests" */ = {
			isa = XCConfigurationList;
			buildConfigurations = (
				04598DF11FEA03DC0025CDA9 /* Debug */,
				04598DF21FEA03DC0025CDA9 /* Release */,
			);
			defaultConfigurationIsVisible = 0;
			defaultConfigurationName = Release;
		};
/* End XCConfigurationList section */

/* Begin XCVersionGroup section */
		04598DC71FEA03DC0025CDA9 /* XLProduct.xcdatamodeld */ = {
			isa = XCVersionGroup;
			children = (
				04598DC81FEA03DC0025CDA9 /* XLProduct.xcdatamodel */,
			);
			currentVersion = 04598DC81FEA03DC0025CDA9 /* XLProduct.xcdatamodel */;
			path = XLProduct.xcdatamodeld;
			sourceTree = "<group>";
			versionGroupType = wrapper.xcdatamodel;
		};
/* End XCVersionGroup section */
	};
	rootObject = 04598DB31FEA03DC0025CDA9 /* Project object */;
}
